# This file is automatically @generated by Cargo.
# It is not intended for manual editing.
version = 4

[[package]]
name = "lenslab-cli"
version = "0.1.0"
dependencies = [
 "lenslab-core",
 "lenslab-decode",
]

[[package]]
name = "lenslab-core"
version = "0.1.0"

[[package]]
name = "lenslab-decode"
version = "0.1.0"
